uuid: ead1cb83-a282-40e0-a50e-d58c3935748d
langcode: en
status: true
dependencies:
  theme:
    - msca_theme
id: homepage_login_block
theme: msca_theme
region: gutter
weight: -13
provider: null
plugin: homepage_login_block
settings:
  id: broken
  label: ''
  provider: core
  label_display: visible
visibility: {  }
