uuid: be5e2924-ae74-4a65-9345-46048870f880
langcode: en
status: true
dependencies:
  content:
    - 'block_content:basic:c1fc49a4-af61-4dfa-9db2-be73055d564a'
  module:
    - block_content
    - node
    - system
  theme:
    - msca_theme
id: paypalppedonationblock
theme: msca_theme
region: sidebar_second
weight: 0
provider: null
plugin: 'block_content:c1fc49a4-af61-4dfa-9db2-be73055d564a'
settings:
  id: 'block_content:c1fc49a4-af61-4dfa-9db2-be73055d564a'
  label: 'PayPal PPE donation block'
  label_display: '0'
  provider: block_content
  status: true
  info: ''
  view_mode: full
visibility:
  request_path:
    id: request_path
    negate: false
    context_mapping: {  }
    pages: "/ppe-donations-massachusetts-nursing-homes\r\n/ppe"
  node_type:
    id: 'entity_bundle:node'
    negate: false
    context_mapping:
      node: '@node.node_route_context:node'
    bundles:
      page: page
