uuid: 65699a59-3c0a-4c00-9230-95464ed61e21
langcode: en
status: true
dependencies:
  config:
    - contact.form.feedback
  module:
    - block_class
    - contact_block
  theme:
    - msca_theme
third_party_settings:
  block_class:
    classes: ''
id: contactblock
theme: msca_theme
region: gutter
weight: 0
provider: null
plugin: contact_block
settings:
  id: contact_block
  label: 'Contact Us'
  provider: contact_block
  label_display: visible
  contact_form: feedback
visibility: {  }
