uuid: 65699a59-3c0a-4c00-9230-95464ed61e21
langcode: en
status: true
dependencies:
  config:
    - contact.form.feedback
  module:
    - contact_block
  theme:
    - msca_theme
id: contactblock
theme: msca_theme
region: gutter
weight: -12
provider: null
plugin: contact_block
settings:
  id: contact_block
  label: 'Contact Us'
  provider: contact_block
  label_display: visible
  contact_form: feedback
  form_display: default
visibility: {  }
