uuid: 7d311a98-1564-48a0-b1c9-369f9e6d460b
langcode: en
status: true
dependencies:
  theme:
    - msca_theme
id: join_mscblock
theme: msca_theme
region: gutter
weight: -11
provider: null
plugin: join_mscblock
settings:
  id: broken
  label: ''
  provider: core
  label_display: visible
visibility: {  }
