uuid: 2614e5b8-18d6-4de1-b890-b7b78ea73e35
langcode: en
status: true
dependencies:
  module:
    - block_class
    - msca_tweet_block
  theme:
    - msca_theme
id: tweetblock
theme: msca_theme
region: gutter
weight: -13
provider: null
plugin: tweet_block
settings:
  id: tweet_block
  label: 'Tweet block'
  provider: msca_tweet_block
  label_display: '0'
visibility: {  }
